<?xml version="1.0" encoding="utf-8"?>
<Project ToolsVersion="4.0" xmlns="http://schemas.microsoft.com/developer/msbuild/2003">
  <ItemGroup>
    <Filter Include="Source Files">
      <UniqueIdentifier>{4FC737F1-C7A5-4376-A066-2A32D752A2FF}</UniqueIdentifier>
      <Extensions>cpp;c;cc;cxx;c++;cppm;ixx;def;odl;idl;hpj;bat;asm;asmx</Extensions>
    </Filter>
    <Filter Include="Header Files">
      <UniqueIdentifier>{93995380-89BD-4b04-88EB-625FBE52EBFB}</UniqueIdentifier>
      <Extensions>h;hh;hpp;hxx;h++;hm;inl;inc;ipp;xsd</Extensions>
    </Filter>
    <Filter Include="Resource Files">
      <UniqueIdentifier>{67DA6AB6-F800-4c08-8B7A-83BB121AAD01}</UniqueIdentifier>
      <Extensions>rc;ico;cur;bmp;dlg;rc2;rct;bin;rgs;gif;jpg;jpeg;jpe;resx;tiff;tif;png;wav;mfcribbon-ms</Extensions>
    </Filter>
    <Filter Include="Tests">
      <UniqueIdentifier>{7ddf7bed-00e3-44b0-9c8d-9fc6dd3f2de3}</UniqueIdentifier>
    </Filter>
    <Filter Include="TestResults">
      <UniqueIdentifier>{24b87d1e-8462-44eb-90ee-c3ddd222963b}</UniqueIdentifier>
    </Filter>
  </ItemGroup>
  <ItemGroup>
    <ClCompile Include="Source.c">
      <Filter>Source Files</Filter>
    </ClCompile>
    <ClCompile Include="set.c">
      <Filter>Source Files</Filter>
    </ClCompile>
  </ItemGroup>
  <ItemGroup>
    <ClInclude Include="set.h">
      <Filter>Header Files</Filter>
    </ClInclude>
  </ItemGroup>
  <ItemGroup>
    <Text Include="Example.txt">
      <Filter>Tests</Filter>
    </Text>
    <Text Include="Test1.txt">
      <Filter>Tests</Filter>
    </Text>
    <Text Include="Test1Res.txt">
      <Filter>TestResults</Filter>
    </Text>
    <Text Include="Test2.txt">
      <Filter>Tests</Filter>
    </Text>
    <Text Include="Test2Res.txt">
      <Filter>TestResults</Filter>
    </Text>
    <Text Include="Test3.txt">
      <Filter>Tests</Filter>
    </Text>
    <Text Include="Test3Res.txt">
      <Filter>TestResults</Filter>
    </Text>
    <Text Include="Test4.txt">
      <Filter>Tests</Filter>
    </Text>
    <Text Include="Test4Res.txt">
      <Filter>TestResults</Filter>
    </Text>
    <Text Include="Test5.txt">
      <Filter>Tests</Filter>
    </Text>
    <Text Include="Test5Res.txt">
      <Filter>TestResults</Filter>
    </Text>
    <Text Include="Test6.txt">
      <Filter>Tests</Filter>
    </Text>
    <Text Include="Test6Res.txt">
      <Filter>TestResults</Filter>
    </Text>
    <Text Include="Test7.txt">
      <Filter>Tests</Filter>
    </Text>
    <Text Include="Test7Res.txt">
      <Filter>TestResults</Filter>
    </Text>
    <Text Include="Test8.txt">
      <Filter>Tests</Filter>
    </Text>
    <Text Include="Test8Res.txt">
      <Filter>TestResults</Filter>
    </Text>
    <Text Include="Test9.txt">
      <Filter>Tests</Filter>
    </Text>
    <Text Include="Test9Res.txt">
      <Filter>TestResults</Filter>
    </Text>
    <Text Include="Test10.txt">
      <Filter>Tests</Filter>
    </Text>
    <Text Include="Test10Res.txt">
      <Filter>TestResults</Filter>
    </Text>
    <Text Include="Test11.txt">
      <Filter>Tests</Filter>
    </Text>
    <Text Include="Test11Res.txt">
      <Filter>TestResults</Filter>
    </Text>
    <Text Include="Test12.txt">
      <Filter>Tests</Filter>
    </Text>
    <Text Include="Test12Res.txt">
      <Filter>TestResults</Filter>
    </Text>
  </ItemGroup>
</Project>