<?xml version="1.0" encoding="utf-8"?>
<Project ToolsVersion="4.0" xmlns="http://schemas.microsoft.com/developer/msbuild/2003">
  <ItemGroup>
    <Filter Include="Source Files">
      <UniqueIdentifier>{4FC737F1-C7A5-4376-A066-2A32D752A2FF}</UniqueIdentifier>
      <Extensions>cpp;c;cc;cxx;c++;cppm;ixx;def;odl;idl;hpj;bat;asm;asmx</Extensions>
    </Filter>
    <Filter Include="Header Files">
      <UniqueIdentifier>{93995380-89BD-4b04-88EB-625FBE52EBFB}</UniqueIdentifier>
      <Extensions>h;hh;hpp;hxx;h++;hm;inl;inc;ipp;xsd</Extensions>
    </Filter>
    <Filter Include="Resource Files">
      <UniqueIdentifier>{67DA6AB6-F800-4c08-8B7A-83BB121AAD01}</UniqueIdentifier>
      <Extensions>rc;ico;cur;bmp;dlg;rc2;rct;bin;rgs;gif;jpg;jpeg;jpe;resx;tiff;tif;png;wav;mfcribbon-ms</Extensions>
    </Filter>
  </ItemGroup>
  <ItemGroup>
    <ClCompile Include="set.c">
      <Filter>Source Files</Filter>
    </ClCompile>
    <ClCompile Include="Source.c">
      <Filter>Source Files</Filter>
    </ClCompile>
  </ItemGroup>
  <ItemGroup>
    <ClInclude Include="set.h">
      <Filter>Header Files</Filter>
    </ClInclude>
  </ItemGroup>
  <ItemGroup>
    <Text Include="Changed_input_tests\TestsRes\Test1Res.txt" />
    <Text Include="Changed_input_tests\TestsRes\Test2Res.txt" />
    <Text Include="Changed_input_tests\TestsRes\Test3Res.txt" />
    <Text Include="Changed_input_tests\TestsRes\Test4Res.txt" />
    <Text Include="Changed_input_tests\TestsRes\Test5Res.txt" />
    <Text Include="Changed_input_tests\TestsRes\Test6Res.txt" />
    <Text Include="Changed_input_tests\TestsRes\Test7Res.txt" />
    <Text Include="Changed_input_tests\TestsRes\Test8Res.txt" />
    <Text Include="Changed_input_tests\Tests\Test1.txt" />
    <Text Include="Changed_input_tests\Tests\Test2.txt" />
    <Text Include="Changed_input_tests\Tests\Test3.txt" />
    <Text Include="Changed_input_tests\Tests\Test4.txt" />
    <Text Include="Changed_input_tests\Tests\Test5.txt" />
    <Text Include="Changed_input_tests\Tests\Test6.txt" />
    <Text Include="Changed_input_tests\Tests\Test7.txt" />
    <Text Include="Changed_input_tests\Tests\Test8.txt" />
    <Text Include="Main_tests\Example.txt" />
    <Text Include="Changed_input_tests\ExampleInput2.txt" />
    <Text Include="Main_tests\TestsRes\Test2Res.txt" />
    <Text Include="Main_tests\TestsRes\Test1Res.txt" />
    <Text Include="Main_tests\TestsRes\Test3Res.txt" />
    <Text Include="Main_tests\TestsRes\Test4Res.txt" />
    <Text Include="Main_tests\TestsRes\Test5Res.txt" />
    <Text Include="Main_tests\TestsRes\Test6Res.txt" />
    <Text Include="Main_tests\TestsRes\Test7Res.txt" />
    <Text Include="Main_tests\TestsRes\Test8Res.txt" />
    <Text Include="Main_tests\TestsRes\Test9Res.txt" />
    <Text Include="Main_tests\TestsRes\Test10Res.txt" />
    <Text Include="Main_tests\TestsRes\Test11Res.txt" />
    <Text Include="Main_tests\TestsRes\Test12Res.txt" />
    <Text Include="Main_tests\Tests\Test1.txt" />
    <Text Include="Main_tests\Tests\Test2.txt" />
    <Text Include="Main_tests\Tests\Test3.txt" />
    <Text Include="Main_tests\Tests\Test4.txt" />
    <Text Include="Main_tests\Tests\Test5.txt" />
    <Text Include="Main_tests\Tests\Test6.txt" />
    <Text Include="Main_tests\Tests\Test7.txt" />
    <Text Include="Main_tests\Tests\Test8.txt" />
    <Text Include="Main_tests\Tests\Test9.txt" />
    <Text Include="Main_tests\Tests\Test10.txt" />
    <Text Include="Main_tests\Tests\Test11.txt" />
    <Text Include="Main_tests\Tests\Test12.txt" />
    <Text Include="EqualityCheckTests\Tests\Test1\automata1.txt" />
    <Text Include="EqualityCheckTests\Tests\Test1\automata2.txt" />
    <Text Include="EqualityCheckTests\TestsRes\Test1Res.txt" />
    <Text Include="EqualityCheckTests\TestsRes\Test2Res.txt" />
    <Text Include="EqualityCheckTests\Tests\Test2\automata1.txt" />
    <Text Include="EqualityCheckTests\Tests\Test2\automata2.txt" />
    <Text Include="EqualityCheckTests\Tests\Test3\automata1.txt" />
    <Text Include="EqualityCheckTests\Tests\Test3\automata2.txt" />
    <Text Include="EqualityCheckTests\TestsRes\Test3Res.txt" />
    <Text Include="EqualityCheckTests\TestsRes\Test4Res.txt" />
    <Text Include="EqualityCheckTests\Tests\Test4\automata1.txt" />
    <Text Include="EqualityCheckTests\Tests\Test4\automata2.txt" />
    <Text Include="EqualityCheckTests\Tests\Test5\automata1.txt" />
    <Text Include="EqualityCheckTests\Tests\Test5\automata2.txt" />
    <Text Include="EqualityCheckTests\TestsRes\Test5Res.txt" />
    <Text Include="EqualityCheckTests\Tests\Test6\automata1.txt" />
    <Text Include="EqualityCheckTests\Tests\Test6\automata2.txt" />
    <Text Include="EqualityCheckTests\TestsRes\Test6Res.txt" />
    <Text Include="EqualityCheckTests\Tests\Test6\Explanation.txt" />
    <Text Include="EqualityCheckTests\Tests\Test7\automata1.txt" />
    <Text Include="EqualityCheckTests\Tests\Test7\automata2.txt" />
    <Text Include="EqualityCheckTests\Tests\Test7\Explanation.txt" />
    <Text Include="EqualityCheckTests\TestsRes\Test7Res.txt" />
  </ItemGroup>
  <ItemGroup>
    <Image Include="EqualityCheckTests\Tests\Test4\automata4.png">
      <Filter>Resource Files</Filter>
    </Image>
    <Image Include="EqualityCheckTests\Tests\Test5\automata5_1.jpg">
      <Filter>Resource Files</Filter>
    </Image>
    <Image Include="EqualityCheckTests\Tests\Test5\automata5_2.png">
      <Filter>Resource Files</Filter>
    </Image>
    <Image Include="EqualityCheckTests\Tests\Test1\automata1_1.png">
      <Filter>Resource Files</Filter>
    </Image>
    <Image Include="EqualityCheckTests\Tests\Test1\automata1_2.png">
      <Filter>Resource Files</Filter>
    </Image>
    <Image Include="EqualityCheckTests\Tests\Test2\automata2_1.png">
      <Filter>Resource Files</Filter>
    </Image>
    <Image Include="EqualityCheckTests\Tests\Test2\automata2_2.png">
      <Filter>Resource Files</Filter>
    </Image>
    <Image Include="EqualityCheckTests\Tests\Test3\automata3_1.png">
      <Filter>Resource Files</Filter>
    </Image>
    <Image Include="EqualityCheckTests\Tests\Test3\automata3_2.png">
      <Filter>Resource Files</Filter>
    </Image>
  </ItemGroup>
</Project>